
Microsoft Visual Studio Solution File, Format Version 12.00
# Visual Studio Version 17
VisualStudioVersion = 17.14.36212.18
MinimumVisualStudioVersion = 10.0.40219.1
Project("{FAE04EC0-301F-11D3-BF4B-00C04F79EFBC}") = "ConsoleDebugger", "ConsoleDebugger\ConsoleDebugger.csproj", "{3495D9BD-99CF-42E3-82BC-FBF547617BF3}"
EndProject
Project("{FAE04EC0-301F-11D3-BF4B-00C04F79EFBC}") = "TestModule", "TestModule\TestModule.csproj", "{057F1075-E661-4D32-931B-BDCD9774190C}"
EndProject
Project("{FAE04EC0-301F-11D3-BF4B-00C04F79EFBC}") = "Mrthods", "Mrthods\Mrthods.csproj", "{8E3B6C7C-746E-4BFB-8C75-813F6A23DDFE}"
EndProject
Global
	GlobalSection(SolutionConfigurationPlatforms) = preSolution
		Debug|Any CPU = Debug|Any CPU
		Release|Any CPU = Release|Any CPU
	EndGlobalSection
	GlobalSection(ProjectConfigurationPlatforms) = postSolution
		{3495D9BD-99CF-42E3-82BC-FBF547617BF3}.Debug|Any CPU.ActiveCfg = Debug|Any CPU
		{3495D9BD-99CF-42E3-82BC-FBF547617BF3}.Debug|Any CPU.Build.0 = Debug|Any CPU
		{3495D9BD-99CF-42E3-82BC-FBF547617BF3}.Release|Any CPU.ActiveCfg = Release|Any CPU
		{3495D9BD-99CF-42E3-82BC-FBF547617BF3}.Release|Any CPU.Build.0 = Release|Any CPU
		{057F1075-E661-4D32-931B-BDCD9774190C}.Debug|Any CPU.ActiveCfg = Debug|Any CPU
		{057F1075-E661-4D32-931B-BDCD9774190C}.Debug|Any CPU.Build.0 = Debug|Any CPU
		{057F1075-E661-4D32-931B-BDCD9774190C}.Release|Any CPU.ActiveCfg = Release|Any CPU
		{057F1075-E661-4D32-931B-BDCD9774190C}.Release|Any CPU.Build.0 = Release|Any CPU
		{8E3B6C7C-746E-4BFB-8C75-813F6A23DDFE}.Debug|Any CPU.ActiveCfg = Debug|Any CPU
		{8E3B6C7C-746E-4BFB-8C75-813F6A23DDFE}.Debug|Any CPU.Build.0 = Debug|Any CPU
		{8E3B6C7C-746E-4BFB-8C75-813F6A23DDFE}.Release|Any CPU.ActiveCfg = Release|Any CPU
		{8E3B6C7C-746E-4BFB-8C75-813F6A23DDFE}.Release|Any CPU.Build.0 = Release|Any CPU
	EndGlobalSection
	GlobalSection(SolutionProperties) = preSolution
		HideSolutionNode = FALSE
	EndGlobalSection
	GlobalSection(ExtensibilityGlobals) = postSolution
		SolutionGuid = {012417B0-9D39-43DD-AED1-ED306E636E00}
	EndGlobalSection
EndGlobal
