
Microsoft Visual Studio Solution File, Format Version 12.00
# Visual Studio Version 17
VisualStudioVersion = 17.14.36212.18 d17.14
MinimumVisualStudioVersion = 10.0.40219.1
Project("{FAE04EC0-301F-11D3-BF4B-00C04F79EFBC}") = "K-KompasPlacer", "K-KompasPlacer.csproj", "{DBC5D504-AE45-4A00-A867-28D5C7358D60}"
EndProject
Project("{2150E333-8FDC-42A3-9474-1A3956D46DE8}") = "gicomponents", "gicomponents", "{36D591C7-65C7-A0D1-1CBC-10CDE441BDC8}"
EndProject
Global
	GlobalSection(SolutionConfigurationPlatforms) = preSolution
		Debug|Any CPU = Debug|Any CPU
		Release|Any CPU = Release|Any CPU
	EndGlobalSection
	GlobalSection(ProjectConfigurationPlatforms) = postSolution
		{DBC5D504-AE45-4A00-A867-28D5C7358D60}.Debug|Any CPU.ActiveCfg = Debug|Any CPU
		{DBC5D504-AE45-4A00-A867-28D5C7358D60}.Debug|Any CPU.Build.0 = Debug|Any CPU
		{DBC5D504-AE45-4A00-A867-28D5C7358D60}.Release|Any CPU.ActiveCfg = Release|Any CPU
		{DBC5D504-AE45-4A00-A867-28D5C7358D60}.Release|Any CPU.Build.0 = Release|Any CPU
	EndGlobalSection
	GlobalSection(SolutionProperties) = preSolution
		HideSolutionNode = FALSE
	EndGlobalSection
	GlobalSection(ExtensibilityGlobals) = postSolution
		SolutionGuid = {77320BB2-85C4-4DBF-BCB1-8502665E184D}
	EndGlobalSection
EndGlobal
